Microsoft Visual Studio Solution File, Format Version 12.00
# Visual Studio Version 17
VisualStudioVersion = 17.5.2.0
MinimumVisualStudioVersion = 10.0.40219.1
Project("{FAE04EC0-301F-11D3-BF4B-00C04F79EFBC}") = "webapi-pred", "webapi-pred\webapi-pred.csproj", "{C5E571E7-D755-74CF-6E65-637AD82377FE}"
EndProject
Global
	GlobalSection(SolutionConfigurationPlatforms) = preSolution
		Debug|Any CPU = Debug|Any CPU
		Release|Any CPU = Release|Any CPU
	EndGlobalSection
	GlobalSection(ProjectConfigurationPlatforms) = postSolution
		{C5E571E7-D755-74CF-6E65-637AD82377FE}.Debug|Any CPU.ActiveCfg = Debug|Any CPU
		{C5E571E7-D755-74CF-6E65-637AD82377FE}.Debug|Any CPU.Build.0 = Debug|Any CPU
		{C5E571E7-D755-74CF-6E65-637AD82377FE}.Release|Any CPU.ActiveCfg = Release|Any CPU
		{C5E571E7-D755-74CF-6E65-637AD82377FE}.Release|Any CPU.Build.0 = Release|Any CPU
	EndGlobalSection
	GlobalSection(SolutionProperties) = preSolution
		HideSolutionNode = FALSE
	EndGlobalSection
	GlobalSection(ExtensibilityGlobals) = postSolution
		SolutionGuid = {34D236AB-5B4A-42BC-97B3-757949FABA7C}
	EndGlobalSection
EndGlobal
